// !$*UTF8*$!
{
	archiveVersion = 1;
	classes = {
	};
	objectVersion = 46;
	objects = {

/* Begin PBXBuildFile section */
		9A0901091D94F948005EA4AE /* main.m in Sources */ = {isa = PBXBuildFile; fileRef = 9A0901081D94F948005EA4AE /* main.m */; };
		9A09010C1D94F948005EA4AE /* AppDelegate.m in Sources */ = {isa = PBXBuildFile; fileRef = 9A09010B1D94F948005EA4AE /* AppDelegate.m */; };
		9A09010F1D94F948005EA4AE /* ViewController.m in Sources */ = {isa = PBXBuildFile; fileRef = 9A09010E1D94F948005EA4AE /* ViewController.m */; };
		9A0901121D94F948005EA4AE /* Main.storyboard in Resources */ = {isa = PBXBuildFile; fileRef = 9A0901101D94F948005EA4AE /* Main.storyboard */; };
		9A0901141D94F948005EA4AE /* Assets.xcassets in Resources */ = {isa = PBXBuildFile; fileRef = 9A0901131D94F948005EA4AE /* Assets.xcassets */; };
		9A0901171D94F948005EA4AE /* LaunchScreen.storyboard in Resources */ = {isa = PBXBuildFile; fileRef = 9A0901151D94F948005EA4AE /* LaunchScreen.storyboard */; };
		9A0901201D94FBBF005EA4AE /* SQPresentViewController.m in Sources */ = {isa = PBXBuildFile; fileRef = 9A09011F1D94FBBF005EA4AE /* SQPresentViewController.m */; };
		9A0901271D94FC51005EA4AE /* SQAlert.m in Sources */ = {isa = PBXBuildFile; fileRef = 9A0901261D94FC51005EA4AE /* SQAlert.m */; };
/* End PBXBuildFile section */

/* Begin PBXFileReference section */
		9A0901041D94F948005EA4AE /* SQAlert.app */ = {isa = PBXFileReference; explicitFileType = wrapper.application; includeInIndex = 0; path = SQAlert.app; sourceTree = BUILT_PRODUCTS_DIR; };
		9A0901081D94F948005EA4AE /* main.m */ = {isa = PBXFileReference; lastKnownFileType = sourcecode.c.objc; path = main.m; sourceTree = "<group>"; };
		9A09010A1D94F948005EA4AE /* AppDelegate.h */ = {isa = PBXFileReference; lastKnownFileType = sourcecode.c.h; path = AppDelegate.h; sourceTree = "<group>"; };
		9A09010B1D94F948005EA4AE /* AppDelegate.m */ = {isa = PBXFileReference; lastKnownFileType = sourcecode.c.objc; path = AppDelegate.m; sourceTree = "<group>"; };
		9A09010D1D94F948005EA4AE /* ViewController.h */ = {isa = PBXFileReference; lastKnownFileType = sourcecode.c.h; path = ViewController.h; sourceTree = "<group>"; };
		9A09010E1D94F948005EA4AE /* ViewController.m */ = {isa = PBXFileReference; lastKnownFileType = sourcecode.c.objc; path = ViewController.m; sourceTree = "<group>"; };
		9A0901111D94F948005EA4AE /* Base */ = {isa = PBXFileReference; lastKnownFileType = file.storyboard; name = Base; path = Base.lproj/Main.storyboard; sourceTree = "<group>"; };
		9A0901131D94F948005EA4AE /* Assets.xcassets */ = {isa = PBXFileReference; lastKnownFileType = folder.assetcatalog; path = Assets.xcassets; sourceTree = "<group>"; };
		9A0901161D94F948005EA4AE /* Base */ = {isa = PBXFileReference; lastKnownFileType = file.storyboard; name = Base; path = Base.lproj/LaunchScreen.storyboard; sourceTree = "<group>"; };
		9A0901181D94F948005EA4AE /* Info.plist */ = {isa = PBXFileReference; lastKnownFileType = text.plist.xml; path = Info.plist; sourceTree = "<group>"; };
		9A09011E1D94FBBF005EA4AE /* SQPresentViewController.h */ = {isa = PBXFileReference; fileEncoding = 4; lastKnownFileType = sourcecode.c.h; path = SQPresentViewController.h; sourceTree = "<group>"; };
		9A09011F1D94FBBF005EA4AE /* SQPresentViewController.m */ = {isa = PBXFileReference; fileEncoding = 4; lastKnownFileType = sourcecode.c.objc; path = SQPresentViewController.m; sourceTree = "<group>"; };
		9A0901251D94FC51005EA4AE /* SQAlert.h */ = {isa = PBXFileReference; fileEncoding = 4; lastKnownFileType = sourcecode.c.h; path = SQAlert.h; sourceTree = "<group>"; };
		9A0901261D94FC51005EA4AE /* SQAlert.m */ = {isa = PBXFileReference; fileEncoding = 4; lastKnownFileType = sourcecode.c.objc; path = SQAlert.m; sourceTree = "<group>"; };
/* End PBXFileReference section */

/* Begin PBXFrameworksBuildPhase section */
		9A0901011D94F948005EA4AE /* Frameworks */ = {
			isa = PBXFrameworksBuildPhase;
			buildActionMask = 2147483647;
			files = (
			);
			runOnlyForDeploymentPostprocessing = 0;
		};
/* End PBXFrameworksBuildPhase section */

/* Begin PBXGroup section */
		9A0900FB1D94F948005EA4AE = {
			isa = PBXGroup;
			children = (
				9A0901061D94F948005EA4AE /* SQAlert */,
				9A0901051D94F948005EA4AE /* Products */,
			);
			sourceTree = "<group>";
		};
		9A0901051D94F948005EA4AE /* Products */ = {
			isa = PBXGroup;
			children = (
				9A0901041D94F948005EA4AE /* SQAlert.app */,
			);
			name = Products;
			sourceTree = "<group>";
		};
		9A0901061D94F948005EA4AE /* SQAlert */ = {
			isa = PBXGroup;
			children = (
				9A0901241D94FC51005EA4AE /* Alert */,
				9A09010A1D94F948005EA4AE /* AppDelegate.h */,
				9A09010B1D94F948005EA4AE /* AppDelegate.m */,
				9A09010D1D94F948005EA4AE /* ViewController.h */,
				9A09010E1D94F948005EA4AE /* ViewController.m */,
				9A09011E1D94FBBF005EA4AE /* SQPresentViewController.h */,
				9A09011F1D94FBBF005EA4AE /* SQPresentViewController.m */,
				9A0901101D94F948005EA4AE /* Main.storyboard */,
				9A0901131D94F948005EA4AE /* Assets.xcassets */,
				9A0901151D94F948005EA4AE /* LaunchScreen.storyboard */,
				9A0901181D94F948005EA4AE /* Info.plist */,
				9A0901071D94F948005EA4AE /* Supporting Files */,
			);
			path = SQAlert;
			sourceTree = "<group>";
		};
		9A0901071D94F948005EA4AE /* Supporting Files */ = {
			isa = PBXGroup;
			children = (
				9A0901081D94F948005EA4AE /* main.m */,
			);
			name = "Supporting Files";
			sourceTree = "<group>";
		};
		9A0901241D94FC51005EA4AE /* Alert */ = {
			isa = PBXGroup;
			children = (
				9A0901251D94FC51005EA4AE /* SQAlert.h */,
				9A0901261D94FC51005EA4AE /* SQAlert.m */,
			);
			path = Alert;
			sourceTree = "<group>";
		};
/* End PBXGroup section */

/* Begin PBXNativeTarget section */
		9A0901031D94F948005EA4AE /* SQAlert */ = {
			isa = PBXNativeTarget;
			buildConfigurationList = 9A09011B1D94F948005EA4AE /* Build configuration list for PBXNativeTarget "SQAlert" */;
			buildPhases = (
				9A0901001D94F948005EA4AE /* Sources */,
				9A0901011D94F948005EA4AE /* Frameworks */,
				9A0901021D94F948005EA4AE /* Resources */,
			);
			buildRules = (
			);
			dependencies = (
			);
			name = SQAlert;
			productName = SQAlert;
			productReference = 9A0901041D94F948005EA4AE /* SQAlert.app */;
			productType = "com.apple.product-type.application";
		};
/* End PBXNativeTarget section */

/* Begin PBXProject section */
		9A0900FC1D94F948005EA4AE /* Project object */ = {
			isa = PBXProject;
			attributes = {
				LastUpgradeCheck = 0800;
				ORGANIZATIONNAME = "Huang Yanan";
				TargetAttributes = {
					9A0901031D94F948005EA4AE = {
						CreatedOnToolsVersion = 8.0;
						DevelopmentTeam = 28J88G3NGL;
						ProvisioningStyle = Automatic;
					};
				};
			};
			buildConfigurationList = 9A0900FF1D94F948005EA4AE /* Build configuration list for PBXProject "SQAlert" */;
			compatibilityVersion = "Xcode 3.2";
			developmentRegion = English;
			hasScannedForEncodings = 0;
			knownRegions = (
				en,
				Base,
			);
			mainGroup = 9A0900FB1D94F948005EA4AE;
			productRefGroup = 9A0901051D94F948005EA4AE /* Products */;
			projectDirPath = "";
			projectRoot = "";
			targets = (
				9A0901031D94F948005EA4AE /* SQAlert */,
			);
		};
/* End PBXProject section */

/* Begin PBXResourcesBuildPhase section */
		9A0901021D94F948005EA4AE /* Resources */ = {
			isa = PBXResourcesBuildPhase;
			buildActionMask = 2147483647;
			files = (
				9A0901171D94F948005EA4AE /* LaunchScreen.storyboard in Resources */,
				9A0901141D94F948005EA4AE /* Assets.xcassets in Resources */,
				9A0901121D94F948005EA4AE /* Main.storyboard in Resources */,
			);
			runOnlyForDeploymentPostprocessing = 0;
		};
/* End PBXResourcesBuildPhase section */

/* Begin PBXSourcesBuildPhase section */
		9A0901001D94F948005EA4AE /* Sources */ = {
			isa = PBXSourcesBuildPhase;
			buildActionMask = 2147483647;
			files = (
				9A0901271D94FC51005EA4AE /* SQAlert.m in Sources */,
				9A0901201D94FBBF005EA4AE /* SQPresentViewController.m in Sources */,
				9A09010F1D94F948005EA4AE /* ViewController.m in Sources */,
				9A09010C1D94F948005EA4AE /* AppDelegate.m in Sources */,
				9A0901091D94F948005EA4AE /* main.m in Sources */,
			);
			runOnlyForDeploymentPostprocessing = 0;
		};
/* End PBXSourcesBuildPhase section */

/* Begin PBXVariantGroup section */
		9A0901101D94F948005EA4AE /* Main.storyboard */ = {
			isa = PBXVariantGroup;
			children = (
				9A0901111D94F948005EA4AE /* Base */,
			);
			name = Main.storyboard;
			sourceTree = "<group>";
		};
		9A0901151D94F948005EA4AE /* LaunchScreen.storyboard */ = {
			isa = PBXVariantGroup;
			children = (
				9A0901161D94F948005EA4AE /* Base */,
			);
			name = LaunchScreen.storyboard;
			sourceTree = "<group>";
		};
/* End PBXVariantGroup section */

/* Begin XCBuildConfiguration section */
		9A0901191D94F948005EA4AE /* Debug */ = {
			isa = XCBuildConfiguration;
			buildSettings = {
				ALWAYS_SEARCH_USER_PATHS = NO;
				CLANG_ANALYZER_NONNULL = YES;
				CLANG_CXX_LANGUAGE_STANDARD = "gnu++0x";
				CLANG_CXX_LIBRARY = "libc++";
				CLANG_ENABLE_MODULES = YES;
				CLANG_ENABLE_OBJC_ARC = YES;
				CLANG_WARN_BOOL_CONVERSION = YES;
				CLANG_WARN_CONSTANT_CONVERSION = YES;
				CLANG_WARN_DIRECT_OBJC_ISA_USAGE = YES_ERROR;
				CLANG_WARN_DOCUMENTATION_COMMENTS = YES;
				CLANG_WARN_EMPTY_BODY = YES;
				CLANG_WARN_ENUM_CONVERSION = YES;
				CLANG_WARN_INFINITE_RECURSION = YES;
				CLANG_WARN_INT_CONVERSION = YES;
				CLANG_WARN_OBJC_ROOT_CLASS = YES_ERROR;
				CLANG_WARN_SUSPICIOUS_MOVES = YES;
				CLANG_WARN_UNREACHABLE_CODE = YES;
				CLANG_WARN__DUPLICATE_METHOD_MATCH = YES;
				"CODE_SIGN_IDENTITY[sdk=iphoneos*]" = "iPhone Developer";
				COPY_PHASE_STRIP = NO;
				DEBUG_INFORMATION_FORMAT = dwarf;
				ENABLE_STRICT_OBJC_MSGSEND = YES;
				ENABLE_TESTABILITY = YES;
				GCC_C_LANGUAGE_STANDARD = gnu99;
				GCC_DYNAMIC_NO_PIC = NO;
				GCC_NO_COMMON_BLOCKS = YES;
				GCC_OPTIMIZATION_LEVEL = 0;
				GCC_PREPROCESSOR_DEFINITIONS = (
					"DEBUG=1",
					"$(inherited)",
				);
				GCC_WARN_64_TO_32_BIT_CONVERSION = YES;
				GCC_WARN_ABOUT_RETURN_TYPE = YES_ERROR;
				GCC_WARN_UNDECLARED_SELECTOR = YES;
				GCC_WARN_UNINITIALIZED_AUTOS = YES_AGGRESSIVE;
				GCC_WARN_UNUSED_FUNCTION = YES;
				GCC_WARN_UNUSED_VARIABLE = YES;
				IPHONEOS_DEPLOYMENT_TARGET = 8.0;
				MTL_ENABLE_DEBUG_INFO = YES;
				ONLY_ACTIVE_ARCH = YES;
				SDKROOT = iphoneos;
			};
			name = Debug;
		};
		9A09011A1D94F948005EA4AE /* Release */ = {
			isa = XCBuildConfiguration;
			buildSettings = {
				ALWAYS_SEARCH_USER_PATHS = NO;
				CLANG_ANALYZER_NONNULL = YES;
				CLANG_CXX_LANGUAGE_STANDARD = "gnu++0x";
				CLANG_CXX_LIBRARY = "libc++";
				CLANG_ENABLE_MODULES = YES;
				CLANG_ENABLE_OBJC_ARC = YES;
				CLANG_WARN_BOOL_CONVERSION = YES;
				CLANG_WARN_CONSTANT_CONVERSION = YES;
				CLANG_WARN_DIRECT_OBJC_ISA_USAGE = YES_ERROR;
				CLANG_WARN_DOCUMENTATION_COMMENTS = YES;
				CLANG_WARN_EMPTY_BODY = YES;
				CLANG_WARN_ENUM_CONVERSION = YES;
				CLANG_WARN_INFINITE_RECURSION = YES;
				CLANG_WARN_INT_CONVERSION = YES;
				CLANG_WARN_OBJC_ROOT_CLASS = YES_ERROR;
				CLANG_WARN_SUSPICIOUS_MOVES = YES;
				CLANG_WARN_UNREACHABLE_CODE = YES;
				CLANG_WARN__DUPLICATE_METHOD_MATCH = YES;
				"CODE_SIGN_IDENTITY[sdk=iphoneos*]" = "iPhone Developer";
				COPY_PHASE_STRIP = NO;
				DEBUG_INFORMATION_FORMAT = "dwarf-with-dsym";
				ENABLE_NS_ASSERTIONS = NO;
				ENABLE_STRICT_OBJC_MSGSEND = YES;
				GCC_C_LANGUAGE_STANDARD = gnu99;
				GCC_NO_COMMON_BLOCKS = YES;
				GCC_WARN_64_TO_32_BIT_CONVERSION = YES;
				GCC_WARN_ABOUT_RETURN_TYPE = YES_ERROR;
				GCC_WARN_UNDECLARED_SELECTOR = YES;
				GCC_WARN_UNINITIALIZED_AUTOS = YES_AGGRESSIVE;
				GCC_WARN_UNUSED_FUNCTION = YES;
				GCC_WARN_UNUSED_VARIABLE = YES;
				IPHONEOS_DEPLOYMENT_TARGET = 8.0;
				MTL_ENABLE_DEBUG_INFO = NO;
				SDKROOT = iphoneos;
				VALIDATE_PRODUCT = YES;
			};
			name = Release;
		};
		9A09011C1D94F948005EA4AE /* Debug */ = {
			isa = XCBuildConfiguration;
			buildSettings = {
				ASSETCATALOG_COMPILER_APPICON_NAME = AppIcon;
				DEVELOPMENT_TEAM = 28J88G3NGL;
				INFOPLIST_FILE = SQAlert/Info.plist;
				IPHONEOS_DEPLOYMENT_TARGET = 8.0;
				LD_RUNPATH_SEARCH_PATHS = "$(inherited) @executable_path/Frameworks";
				PRODUCT_BUNDLE_IDENTIFIER = com.zhuanche01.SQAlert;
				PRODUCT_NAME = "$(TARGET_NAME)";
			};
			name = Debug;
		};
		9A09011D1D94F948005EA4AE /* Release */ = {
			isa = XCBuildConfiguration;
			buildSettings = {
				ASSETCATALOG_COMPILER_APPICON_NAME = AppIcon;
				DEVELOPMENT_TEAM = 28J88G3NGL;
				INFOPLIST_FILE = SQAlert/Info.plist;
				IPHONEOS_DEPLOYMENT_TARGET = 8.0;
				LD_RUNPATH_SEARCH_PATHS = "$(inherited) @executable_path/Frameworks";
				PRODUCT_BUNDLE_IDENTIFIER = com.zhuanche01.SQAlert;
				PRODUCT_NAME = "$(TARGET_NAME)";
			};
			name = Release;
		};
/* End XCBuildConfiguration section */

/* Begin XCConfigurationList section */
		9A0900FF1D94F948005EA4AE /* Build configuration list for PBXProject "SQAlert" */ = {
			isa = XCConfigurationList;
			buildConfigurations = (
				9A0901191D94F948005EA4AE /* Debug */,
				9A09011A1D94F948005EA4AE /* Release */,
			);
			defaultConfigurationIsVisible = 0;
			defaultConfigurationName = Release;
		};
		9A09011B1D94F948005EA4AE /* Build configuration list for PBXNativeTarget "SQAlert" */ = {
			isa = XCConfigurationList;
			buildConfigurations = (
				9A09011C1D94F948005EA4AE /* Debug */,
				9A09011D1D94F948005EA4AE /* Release */,
			);
			defaultConfigurationIsVisible = 0;
			defaultConfigurationName = Release;
		};
/* End XCConfigurationList section */
	};
	rootObject = 9A0900FC1D94F948005EA4AE /* Project object */;
}
